
Microsoft Visual Studio Solution File, Format Version 12.00
# Visual Studio Version 17
VisualStudioVersion = 17.0.31903.59
MinimumVisualStudioVersion = 10.0.40219.1
Project("{FAE04EC0-301F-11D3-BF4B-00C04F79EFBC}") = "Shared.Infrastructure", "Shared.Infrastructure\Shared.Infrastructure.csproj", "{5AB3F29B-8CBF-4406-A623-EBBB8D6EC8BD}"
EndProject
Project("{FAE04EC0-301F-11D3-BF4B-00C04F79EFBC}") = "Shared.Domain", "Shared.Domain\Shared.Domain.csproj", "{3B72F0ED-7407-4E4D-839F-0DB8FF526D30}"
EndProject
Project("{FAE04EC0-301F-11D3-BF4B-00C04F79EFBC}") = "Shared.Application", "Shared.Application\Shared.Application.csproj", "{DE4E6B39-5192-4030-BA30-0CFFB4E68821}"
EndProject
Project("{FAE04EC0-301F-11D3-BF4B-00C04F79EFBC}") = "Auth.API", "Auth.API\Auth.API.csproj", "{662B4953-E1DD-4924-9B62-5F8BBE7F5873}"
EndProject
Project("{FAE04EC0-301F-11D3-BF4B-00C04F79EFBC}") = "Auth.Domain", "Auth.Domain\Auth.Domain.csproj", "{B5820930-334C-4140-8C93-8FC030C47E09}"
EndProject
Project("{FAE04EC0-301F-11D3-BF4B-00C04F79EFBC}") = "Auth.Application", "Auth.Application\Auth.Application.csproj", "{BD90600A-CCEE-4140-AF54-577D4FE1BDEA}"
EndProject
Project("{FAE04EC0-301F-11D3-BF4B-00C04F79EFBC}") = "Auth.Infrastructure", "Auth.Infrastructure\Auth.Infrastructure.csproj", "{64F327F8-5017-4062-B6F9-36CEE28BE0B7}"
EndProject
Project("{FAE04EC0-301F-11D3-BF4B-00C04F79EFBC}") = "Product.API", "Product.API\Product.API.csproj", "{E092C6F2-BAAC-4C79-9666-D566227976C0}"
EndProject
Project("{FAE04EC0-301F-11D3-BF4B-00C04F79EFBC}") = "Product.Domain", "Product.Domain\Product.Domain.csproj", "{D2E5CD57-3764-40FA-99C8-816CA54E8696}"
EndProject
Project("{FAE04EC0-301F-11D3-BF4B-00C04F79EFBC}") = "Product.Application", "Product.Application\Product.Application.csproj", "{2F4322F4-05A7-4C02-8DAF-37A13C6A785D}"
EndProject
Project("{FAE04EC0-301F-11D3-BF4B-00C04F79EFBC}") = "Product.Infrastructure", "Product.Infrastructure\Product.Infrastructure.csproj", "{3AE6C5A2-0D0A-489B-899F-8A8ADEA1DC29}"
EndProject
Project("{FAE04EC0-301F-11D3-BF4B-00C04F79EFBC}") = "Log.API", "Log.API\Log.API.csproj", "{790C58F0-F8F4-44BE-884A-3AAC07A19C0C}"
EndProject
Project("{FAE04EC0-301F-11D3-BF4B-00C04F79EFBC}") = "Log.Domain", "Log.Domain\Log.Domain.csproj", "{6CE3359B-59B3-49B6-BD45-1A3304C9888F}"
EndProject
Project("{FAE04EC0-301F-11D3-BF4B-00C04F79EFBC}") = "Log.Application", "Log.Application\Log.Application.csproj", "{FF16EEDB-ADA3-4B18-AC03-CC08A21BFC0A}"
EndProject
Project("{FAE04EC0-301F-11D3-BF4B-00C04F79EFBC}") = "Log.Infrastructure", "Log.Infrastructure\Log.Infrastructure.csproj", "{1FE9777F-40CF-4579-8E15-FD07ED1D092D}"
EndProject
Project("{FAE04EC0-301F-11D3-BF4B-00C04F79EFBC}") = "ApiGateway", "ApiGateway\ApiGateway.csproj", "{DEF8F6D0-7595-44A1-B9A8-E1F6F40AE07B}"
EndProject
Global
	GlobalSection(SolutionConfigurationPlatforms) = preSolution
		Debug|Any CPU = Debug|Any CPU
		Debug|x64 = Debug|x64
		Debug|x86 = Debug|x86
		Release|Any CPU = Release|Any CPU
		Release|x64 = Release|x64
		Release|x86 = Release|x86
	EndGlobalSection
	GlobalSection(ProjectConfigurationPlatforms) = postSolution
		{5AB3F29B-8CBF-4406-A623-EBBB8D6EC8BD}.Debug|Any CPU.ActiveCfg = Debug|Any CPU
		{5AB3F29B-8CBF-4406-A623-EBBB8D6EC8BD}.Debug|Any CPU.Build.0 = Debug|Any CPU
		{5AB3F29B-8CBF-4406-A623-EBBB8D6EC8BD}.Debug|x64.ActiveCfg = Debug|Any CPU
		{5AB3F29B-8CBF-4406-A623-EBBB8D6EC8BD}.Debug|x64.Build.0 = Debug|Any CPU
		{5AB3F29B-8CBF-4406-A623-EBBB8D6EC8BD}.Debug|x86.ActiveCfg = Debug|Any CPU
		{5AB3F29B-8CBF-4406-A623-EBBB8D6EC8BD}.Debug|x86.Build.0 = Debug|Any CPU
		{5AB3F29B-8CBF-4406-A623-EBBB8D6EC8BD}.Release|Any CPU.ActiveCfg = Release|Any CPU
		{5AB3F29B-8CBF-4406-A623-EBBB8D6EC8BD}.Release|Any CPU.Build.0 = Release|Any CPU
		{5AB3F29B-8CBF-4406-A623-EBBB8D6EC8BD}.Release|x64.ActiveCfg = Release|Any CPU
		{5AB3F29B-8CBF-4406-A623-EBBB8D6EC8BD}.Release|x64.Build.0 = Release|Any CPU
		{5AB3F29B-8CBF-4406-A623-EBBB8D6EC8BD}.Release|x86.ActiveCfg = Release|Any CPU
		{5AB3F29B-8CBF-4406-A623-EBBB8D6EC8BD}.Release|x86.Build.0 = Release|Any CPU
		{3B72F0ED-7407-4E4D-839F-0DB8FF526D30}.Debug|Any CPU.ActiveCfg = Debug|Any CPU
		{3B72F0ED-7407-4E4D-839F-0DB8FF526D30}.Debug|Any CPU.Build.0 = Debug|Any CPU
		{3B72F0ED-7407-4E4D-839F-0DB8FF526D30}.Debug|x64.ActiveCfg = Debug|Any CPU
		{3B72F0ED-7407-4E4D-839F-0DB8FF526D30}.Debug|x64.Build.0 = Debug|Any CPU
		{3B72F0ED-7407-4E4D-839F-0DB8FF526D30}.Debug|x86.ActiveCfg = Debug|Any CPU
		{3B72F0ED-7407-4E4D-839F-0DB8FF526D30}.Debug|x86.Build.0 = Debug|Any CPU
		{3B72F0ED-7407-4E4D-839F-0DB8FF526D30}.Release|Any CPU.ActiveCfg = Release|Any CPU
		{3B72F0ED-7407-4E4D-839F-0DB8FF526D30}.Release|Any CPU.Build.0 = Release|Any CPU
		{3B72F0ED-7407-4E4D-839F-0DB8FF526D30}.Release|x64.ActiveCfg = Release|Any CPU
		{3B72F0ED-7407-4E4D-839F-0DB8FF526D30}.Release|x64.Build.0 = Release|Any CPU
		{3B72F0ED-7407-4E4D-839F-0DB8FF526D30}.Release|x86.ActiveCfg = Release|Any CPU
		{3B72F0ED-7407-4E4D-839F-0DB8FF526D30}.Release|x86.Build.0 = Release|Any CPU
		{DE4E6B39-5192-4030-BA30-0CFFB4E68821}.Debug|Any CPU.ActiveCfg = Debug|Any CPU
		{DE4E6B39-5192-4030-BA30-0CFFB4E68821}.Debug|Any CPU.Build.0 = Debug|Any CPU
		{DE4E6B39-5192-4030-BA30-0CFFB4E68821}.Debug|x64.ActiveCfg = Debug|Any CPU
		{DE4E6B39-5192-4030-BA30-0CFFB4E68821}.Debug|x64.Build.0 = Debug|Any CPU
		{DE4E6B39-5192-4030-BA30-0CFFB4E68821}.Debug|x86.ActiveCfg = Debug|Any CPU
		{DE4E6B39-5192-4030-BA30-0CFFB4E68821}.Debug|x86.Build.0 = Debug|Any CPU
		{DE4E6B39-5192-4030-BA30-0CFFB4E68821}.Release|Any CPU.ActiveCfg = Release|Any CPU
		{DE4E6B39-5192-4030-BA30-0CFFB4E68821}.Release|Any CPU.Build.0 = Release|Any CPU
		{DE4E6B39-5192-4030-BA30-0CFFB4E68821}.Release|x64.ActiveCfg = Release|Any CPU
		{DE4E6B39-5192-4030-BA30-0CFFB4E68821}.Release|x64.Build.0 = Release|Any CPU
		{DE4E6B39-5192-4030-BA30-0CFFB4E68821}.Release|x86.ActiveCfg = Release|Any CPU
		{DE4E6B39-5192-4030-BA30-0CFFB4E68821}.Release|x86.Build.0 = Release|Any CPU
		{662B4953-E1DD-4924-9B62-5F8BBE7F5873}.Debug|Any CPU.ActiveCfg = Debug|Any CPU
		{662B4953-E1DD-4924-9B62-5F8BBE7F5873}.Debug|Any CPU.Build.0 = Debug|Any CPU
		{662B4953-E1DD-4924-9B62-5F8BBE7F5873}.Debug|x64.ActiveCfg = Debug|Any CPU
		{662B4953-E1DD-4924-9B62-5F8BBE7F5873}.Debug|x64.Build.0 = Debug|Any CPU
		{662B4953-E1DD-4924-9B62-5F8BBE7F5873}.Debug|x86.ActiveCfg = Debug|Any CPU
		{662B4953-E1DD-4924-9B62-5F8BBE7F5873}.Debug|x86.Build.0 = Debug|Any CPU
		{662B4953-E1DD-4924-9B62-5F8BBE7F5873}.Release|Any CPU.ActiveCfg = Release|Any CPU
		{662B4953-E1DD-4924-9B62-5F8BBE7F5873}.Release|Any CPU.Build.0 = Release|Any CPU
		{662B4953-E1DD-4924-9B62-5F8BBE7F5873}.Release|x64.ActiveCfg = Release|Any CPU
		{662B4953-E1DD-4924-9B62-5F8BBE7F5873}.Release|x64.Build.0 = Release|Any CPU
		{662B4953-E1DD-4924-9B62-5F8BBE7F5873}.Release|x86.ActiveCfg = Release|Any CPU
		{662B4953-E1DD-4924-9B62-5F8BBE7F5873}.Release|x86.Build.0 = Release|Any CPU
		{B5820930-334C-4140-8C93-8FC030C47E09}.Debug|Any CPU.ActiveCfg = Debug|Any CPU
		{B5820930-334C-4140-8C93-8FC030C47E09}.Debug|Any CPU.Build.0 = Debug|Any CPU
		{B5820930-334C-4140-8C93-8FC030C47E09}.Debug|x64.ActiveCfg = Debug|Any CPU
		{B5820930-334C-4140-8C93-8FC030C47E09}.Debug|x64.Build.0 = Debug|Any CPU
		{B5820930-334C-4140-8C93-8FC030C47E09}.Debug|x86.ActiveCfg = Debug|Any CPU
		{B5820930-334C-4140-8C93-8FC030C47E09}.Debug|x86.Build.0 = Debug|Any CPU
		{B5820930-334C-4140-8C93-8FC030C47E09}.Release|Any CPU.ActiveCfg = Release|Any CPU
		{B5820930-334C-4140-8C93-8FC030C47E09}.Release|Any CPU.Build.0 = Release|Any CPU
		{B5820930-334C-4140-8C93-8FC030C47E09}.Release|x64.ActiveCfg = Release|Any CPU
		{B5820930-334C-4140-8C93-8FC030C47E09}.Release|x64.Build.0 = Release|Any CPU
		{B5820930-334C-4140-8C93-8FC030C47E09}.Release|x86.ActiveCfg = Release|Any CPU
		{B5820930-334C-4140-8C93-8FC030C47E09}.Release|x86.Build.0 = Release|Any CPU
		{BD90600A-CCEE-4140-AF54-577D4FE1BDEA}.Debug|Any CPU.ActiveCfg = Debug|Any CPU
		{BD90600A-CCEE-4140-AF54-577D4FE1BDEA}.Debug|Any CPU.Build.0 = Debug|Any CPU
		{BD90600A-CCEE-4140-AF54-577D4FE1BDEA}.Debug|x64.ActiveCfg = Debug|Any CPU
		{BD90600A-CCEE-4140-AF54-577D4FE1BDEA}.Debug|x64.Build.0 = Debug|Any CPU
		{BD90600A-CCEE-4140-AF54-577D4FE1BDEA}.Debug|x86.ActiveCfg = Debug|Any CPU
		{BD90600A-CCEE-4140-AF54-577D4FE1BDEA}.Debug|x86.Build.0 = Debug|Any CPU
		{BD90600A-CCEE-4140-AF54-577D4FE1BDEA}.Release|Any CPU.ActiveCfg = Release|Any CPU
		{BD90600A-CCEE-4140-AF54-577D4FE1BDEA}.Release|Any CPU.Build.0 = Release|Any CPU
		{BD90600A-CCEE-4140-AF54-577D4FE1BDEA}.Release|x64.ActiveCfg = Release|Any CPU
		{BD90600A-CCEE-4140-AF54-577D4FE1BDEA}.Release|x64.Build.0 = Release|Any CPU
		{BD90600A-CCEE-4140-AF54-577D4FE1BDEA}.Release|x86.ActiveCfg = Release|Any CPU
		{BD90600A-CCEE-4140-AF54-577D4FE1BDEA}.Release|x86.Build.0 = Release|Any CPU
		{64F327F8-5017-4062-B6F9-36CEE28BE0B7}.Debug|Any CPU.ActiveCfg = Debug|Any CPU
		{64F327F8-5017-4062-B6F9-36CEE28BE0B7}.Debug|Any CPU.Build.0 = Debug|Any CPU
		{64F327F8-5017-4062-B6F9-36CEE28BE0B7}.Debug|x64.ActiveCfg = Debug|Any CPU
		{64F327F8-5017-4062-B6F9-36CEE28BE0B7}.Debug|x64.Build.0 = Debug|Any CPU
		{64F327F8-5017-4062-B6F9-36CEE28BE0B7}.Debug|x86.ActiveCfg = Debug|Any CPU
		{64F327F8-5017-4062-B6F9-36CEE28BE0B7}.Debug|x86.Build.0 = Debug|Any CPU
		{64F327F8-5017-4062-B6F9-36CEE28BE0B7}.Release|Any CPU.ActiveCfg = Release|Any CPU
		{64F327F8-5017-4062-B6F9-36CEE28BE0B7}.Release|Any CPU.Build.0 = Release|Any CPU
		{64F327F8-5017-4062-B6F9-36CEE28BE0B7}.Release|x64.ActiveCfg = Release|Any CPU
		{64F327F8-5017-4062-B6F9-36CEE28BE0B7}.Release|x64.Build.0 = Release|Any CPU
		{64F327F8-5017-4062-B6F9-36CEE28BE0B7}.Release|x86.ActiveCfg = Release|Any CPU
		{64F327F8-5017-4062-B6F9-36CEE28BE0B7}.Release|x86.Build.0 = Release|Any CPU
		{E092C6F2-BAAC-4C79-9666-D566227976C0}.Debug|Any CPU.ActiveCfg = Debug|Any CPU
		{E092C6F2-BAAC-4C79-9666-D566227976C0}.Debug|Any CPU.Build.0 = Debug|Any CPU
		{E092C6F2-BAAC-4C79-9666-D566227976C0}.Debug|x64.ActiveCfg = Debug|Any CPU
		{E092C6F2-BAAC-4C79-9666-D566227976C0}.Debug|x64.Build.0 = Debug|Any CPU
		{E092C6F2-BAAC-4C79-9666-D566227976C0}.Debug|x86.ActiveCfg = Debug|Any CPU
		{E092C6F2-BAAC-4C79-9666-D566227976C0}.Debug|x86.Build.0 = Debug|Any CPU
		{E092C6F2-BAAC-4C79-9666-D566227976C0}.Release|Any CPU.ActiveCfg = Release|Any CPU
		{E092C6F2-BAAC-4C79-9666-D566227976C0}.Release|Any CPU.Build.0 = Release|Any CPU
		{E092C6F2-BAAC-4C79-9666-D566227976C0}.Release|x64.ActiveCfg = Release|Any CPU
		{E092C6F2-BAAC-4C79-9666-D566227976C0}.Release|x64.Build.0 = Release|Any CPU
		{E092C6F2-BAAC-4C79-9666-D566227976C0}.Release|x86.ActiveCfg = Release|Any CPU
		{E092C6F2-BAAC-4C79-9666-D566227976C0}.Release|x86.Build.0 = Release|Any CPU
		{D2E5CD57-3764-40FA-99C8-816CA54E8696}.Debug|Any CPU.ActiveCfg = Debug|Any CPU
		{D2E5CD57-3764-40FA-99C8-816CA54E8696}.Debug|Any CPU.Build.0 = Debug|Any CPU
		{D2E5CD57-3764-40FA-99C8-816CA54E8696}.Debug|x64.ActiveCfg = Debug|Any CPU
		{D2E5CD57-3764-40FA-99C8-816CA54E8696}.Debug|x64.Build.0 = Debug|Any CPU
		{D2E5CD57-3764-40FA-99C8-816CA54E8696}.Debug|x86.ActiveCfg = Debug|Any CPU
		{D2E5CD57-3764-40FA-99C8-816CA54E8696}.Debug|x86.Build.0 = Debug|Any CPU
		{D2E5CD57-3764-40FA-99C8-816CA54E8696}.Release|Any CPU.ActiveCfg = Release|Any CPU
		{D2E5CD57-3764-40FA-99C8-816CA54E8696}.Release|Any CPU.Build.0 = Release|Any CPU
		{D2E5CD57-3764-40FA-99C8-816CA54E8696}.Release|x64.ActiveCfg = Release|Any CPU
		{D2E5CD57-3764-40FA-99C8-816CA54E8696}.Release|x64.Build.0 = Release|Any CPU
		{D2E5CD57-3764-40FA-99C8-816CA54E8696}.Release|x86.ActiveCfg = Release|Any CPU
		{D2E5CD57-3764-40FA-99C8-816CA54E8696}.Release|x86.Build.0 = Release|Any CPU
		{2F4322F4-05A7-4C02-8DAF-37A13C6A785D}.Debug|Any CPU.ActiveCfg = Debug|Any CPU
		{2F4322F4-05A7-4C02-8DAF-37A13C6A785D}.Debug|Any CPU.Build.0 = Debug|Any CPU
		{2F4322F4-05A7-4C02-8DAF-37A13C6A785D}.Debug|x64.ActiveCfg = Debug|Any CPU
		{2F4322F4-05A7-4C02-8DAF-37A13C6A785D}.Debug|x64.Build.0 = Debug|Any CPU
		{2F4322F4-05A7-4C02-8DAF-37A13C6A785D}.Debug|x86.ActiveCfg = Debug|Any CPU
		{2F4322F4-05A7-4C02-8DAF-37A13C6A785D}.Debug|x86.Build.0 = Debug|Any CPU
		{2F4322F4-05A7-4C02-8DAF-37A13C6A785D}.Release|Any CPU.ActiveCfg = Release|Any CPU
		{2F4322F4-05A7-4C02-8DAF-37A13C6A785D}.Release|Any CPU.Build.0 = Release|Any CPU
		{2F4322F4-05A7-4C02-8DAF-37A13C6A785D}.Release|x64.ActiveCfg = Release|Any CPU
		{2F4322F4-05A7-4C02-8DAF-37A13C6A785D}.Release|x64.Build.0 = Release|Any CPU
		{2F4322F4-05A7-4C02-8DAF-37A13C6A785D}.Release|x86.ActiveCfg = Release|Any CPU
		{2F4322F4-05A7-4C02-8DAF-37A13C6A785D}.Release|x86.Build.0 = Release|Any CPU
		{3AE6C5A2-0D0A-489B-899F-8A8ADEA1DC29}.Debug|Any CPU.ActiveCfg = Debug|Any CPU
		{3AE6C5A2-0D0A-489B-899F-8A8ADEA1DC29}.Debug|Any CPU.Build.0 = Debug|Any CPU
		{3AE6C5A2-0D0A-489B-899F-8A8ADEA1DC29}.Debug|x64.ActiveCfg = Debug|Any CPU
		{3AE6C5A2-0D0A-489B-899F-8A8ADEA1DC29}.Debug|x64.Build.0 = Debug|Any CPU
		{3AE6C5A2-0D0A-489B-899F-8A8ADEA1DC29}.Debug|x86.ActiveCfg = Debug|Any CPU
		{3AE6C5A2-0D0A-489B-899F-8A8ADEA1DC29}.Debug|x86.Build.0 = Debug|Any CPU
		{3AE6C5A2-0D0A-489B-899F-8A8ADEA1DC29}.Release|Any CPU.ActiveCfg = Release|Any CPU
		{3AE6C5A2-0D0A-489B-899F-8A8ADEA1DC29}.Release|Any CPU.Build.0 = Release|Any CPU
		{3AE6C5A2-0D0A-489B-899F-8A8ADEA1DC29}.Release|x64.ActiveCfg = Release|Any CPU
		{3AE6C5A2-0D0A-489B-899F-8A8ADEA1DC29}.Release|x64.Build.0 = Release|Any CPU
		{3AE6C5A2-0D0A-489B-899F-8A8ADEA1DC29}.Release|x86.ActiveCfg = Release|Any CPU
		{3AE6C5A2-0D0A-489B-899F-8A8ADEA1DC29}.Release|x86.Build.0 = Release|Any CPU
		{790C58F0-F8F4-44BE-884A-3AAC07A19C0C}.Debug|Any CPU.ActiveCfg = Debug|Any CPU
		{790C58F0-F8F4-44BE-884A-3AAC07A19C0C}.Debug|Any CPU.Build.0 = Debug|Any CPU
		{790C58F0-F8F4-44BE-884A-3AAC07A19C0C}.Debug|x64.ActiveCfg = Debug|Any CPU
		{790C58F0-F8F4-44BE-884A-3AAC07A19C0C}.Debug|x64.Build.0 = Debug|Any CPU
		{790C58F0-F8F4-44BE-884A-3AAC07A19C0C}.Debug|x86.ActiveCfg = Debug|Any CPU
		{790C58F0-F8F4-44BE-884A-3AAC07A19C0C}.Debug|x86.Build.0 = Debug|Any CPU
		{790C58F0-F8F4-44BE-884A-3AAC07A19C0C}.Release|Any CPU.ActiveCfg = Release|Any CPU
		{790C58F0-F8F4-44BE-884A-3AAC07A19C0C}.Release|Any CPU.Build.0 = Release|Any CPU
		{790C58F0-F8F4-44BE-884A-3AAC07A19C0C}.Release|x64.ActiveCfg = Release|Any CPU
		{790C58F0-F8F4-44BE-884A-3AAC07A19C0C}.Release|x64.Build.0 = Release|Any CPU
		{790C58F0-F8F4-44BE-884A-3AAC07A19C0C}.Release|x86.ActiveCfg = Release|Any CPU
		{790C58F0-F8F4-44BE-884A-3AAC07A19C0C}.Release|x86.Build.0 = Release|Any CPU
		{6CE3359B-59B3-49B6-BD45-1A3304C9888F}.Debug|Any CPU.ActiveCfg = Debug|Any CPU
		{6CE3359B-59B3-49B6-BD45-1A3304C9888F}.Debug|Any CPU.Build.0 = Debug|Any CPU
		{6CE3359B-59B3-49B6-BD45-1A3304C9888F}.Debug|x64.ActiveCfg = Debug|Any CPU
		{6CE3359B-59B3-49B6-BD45-1A3304C9888F}.Debug|x64.Build.0 = Debug|Any CPU
		{6CE3359B-59B3-49B6-BD45-1A3304C9888F}.Debug|x86.ActiveCfg = Debug|Any CPU
		{6CE3359B-59B3-49B6-BD45-1A3304C9888F}.Debug|x86.Build.0 = Debug|Any CPU
		{6CE3359B-59B3-49B6-BD45-1A3304C9888F}.Release|Any CPU.ActiveCfg = Release|Any CPU
		{6CE3359B-59B3-49B6-BD45-1A3304C9888F}.Release|Any CPU.Build.0 = Release|Any CPU
		{6CE3359B-59B3-49B6-BD45-1A3304C9888F}.Release|x64.ActiveCfg = Release|Any CPU
		{6CE3359B-59B3-49B6-BD45-1A3304C9888F}.Release|x64.Build.0 = Release|Any CPU
		{6CE3359B-59B3-49B6-BD45-1A3304C9888F}.Release|x86.ActiveCfg = Release|Any CPU
		{6CE3359B-59B3-49B6-BD45-1A3304C9888F}.Release|x86.Build.0 = Release|Any CPU
		{FF16EEDB-ADA3-4B18-AC03-CC08A21BFC0A}.Debug|Any CPU.ActiveCfg = Debug|Any CPU
		{FF16EEDB-ADA3-4B18-AC03-CC08A21BFC0A}.Debug|Any CPU.Build.0 = Debug|Any CPU
		{FF16EEDB-ADA3-4B18-AC03-CC08A21BFC0A}.Debug|x64.ActiveCfg = Debug|Any CPU
		{FF16EEDB-ADA3-4B18-AC03-CC08A21BFC0A}.Debug|x64.Build.0 = Debug|Any CPU
		{FF16EEDB-ADA3-4B18-AC03-CC08A21BFC0A}.Debug|x86.ActiveCfg = Debug|Any CPU
		{FF16EEDB-ADA3-4B18-AC03-CC08A21BFC0A}.Debug|x86.Build.0 = Debug|Any CPU
		{FF16EEDB-ADA3-4B18-AC03-CC08A21BFC0A}.Release|Any CPU.ActiveCfg = Release|Any CPU
		{FF16EEDB-ADA3-4B18-AC03-CC08A21BFC0A}.Release|Any CPU.Build.0 = Release|Any CPU
		{FF16EEDB-ADA3-4B18-AC03-CC08A21BFC0A}.Release|x64.ActiveCfg = Release|Any CPU
		{FF16EEDB-ADA3-4B18-AC03-CC08A21BFC0A}.Release|x64.Build.0 = Release|Any CPU
		{FF16EEDB-ADA3-4B18-AC03-CC08A21BFC0A}.Release|x86.ActiveCfg = Release|Any CPU
		{FF16EEDB-ADA3-4B18-AC03-CC08A21BFC0A}.Release|x86.Build.0 = Release|Any CPU
		{1FE9777F-40CF-4579-8E15-FD07ED1D092D}.Debug|Any CPU.ActiveCfg = Debug|Any CPU
		{1FE9777F-40CF-4579-8E15-FD07ED1D092D}.Debug|Any CPU.Build.0 = Debug|Any CPU
		{1FE9777F-40CF-4579-8E15-FD07ED1D092D}.Debug|x64.ActiveCfg = Debug|Any CPU
		{1FE9777F-40CF-4579-8E15-FD07ED1D092D}.Debug|x64.Build.0 = Debug|Any CPU
		{1FE9777F-40CF-4579-8E15-FD07ED1D092D}.Debug|x86.ActiveCfg = Debug|Any CPU
		{1FE9777F-40CF-4579-8E15-FD07ED1D092D}.Debug|x86.Build.0 = Debug|Any CPU
		{1FE9777F-40CF-4579-8E15-FD07ED1D092D}.Release|Any CPU.ActiveCfg = Release|Any CPU
		{1FE9777F-40CF-4579-8E15-FD07ED1D092D}.Release|Any CPU.Build.0 = Release|Any CPU
		{1FE9777F-40CF-4579-8E15-FD07ED1D092D}.Release|x64.ActiveCfg = Release|Any CPU
		{1FE9777F-40CF-4579-8E15-FD07ED1D092D}.Release|x64.Build.0 = Release|Any CPU
		{1FE9777F-40CF-4579-8E15-FD07ED1D092D}.Release|x86.ActiveCfg = Release|Any CPU
		{1FE9777F-40CF-4579-8E15-FD07ED1D092D}.Release|x86.Build.0 = Release|Any CPU
		{DEF8F6D0-7595-44A1-B9A8-E1F6F40AE07B}.Debug|Any CPU.ActiveCfg = Debug|Any CPU
		{DEF8F6D0-7595-44A1-B9A8-E1F6F40AE07B}.Debug|Any CPU.Build.0 = Debug|Any CPU
		{DEF8F6D0-7595-44A1-B9A8-E1F6F40AE07B}.Debug|x64.ActiveCfg = Debug|Any CPU
		{DEF8F6D0-7595-44A1-B9A8-E1F6F40AE07B}.Debug|x64.Build.0 = Debug|Any CPU
		{DEF8F6D0-7595-44A1-B9A8-E1F6F40AE07B}.Debug|x86.ActiveCfg = Debug|Any CPU
		{DEF8F6D0-7595-44A1-B9A8-E1F6F40AE07B}.Debug|x86.Build.0 = Debug|Any CPU
		{DEF8F6D0-7595-44A1-B9A8-E1F6F40AE07B}.Release|Any CPU.ActiveCfg = Release|Any CPU
		{DEF8F6D0-7595-44A1-B9A8-E1F6F40AE07B}.Release|Any CPU.Build.0 = Release|Any CPU
		{DEF8F6D0-7595-44A1-B9A8-E1F6F40AE07B}.Release|x64.ActiveCfg = Release|Any CPU
		{DEF8F6D0-7595-44A1-B9A8-E1F6F40AE07B}.Release|x64.Build.0 = Release|Any CPU
		{DEF8F6D0-7595-44A1-B9A8-E1F6F40AE07B}.Release|x86.ActiveCfg = Release|Any CPU
		{DEF8F6D0-7595-44A1-B9A8-E1F6F40AE07B}.Release|x86.Build.0 = Release|Any CPU
	EndGlobalSection
	GlobalSection(SolutionProperties) = preSolution
		HideSolutionNode = FALSE
	EndGlobalSection
EndGlobal
